
Microsoft Visual Studio Solution File, Format Version 12.00
# Visual Studio Version 17
VisualStudioVersion = 17.13.35931.197 d17.13
MinimumVisualStudioVersion = 10.0.40219.1
Project("{FAE04EC0-301F-11D3-BF4B-00C04F79EFBC}") = "dp", "dp.csproj", "{A3C25DEA-5364-4CB8-B1F3-E64AC4A2C639}"
EndProject
Global
	GlobalSection(SolutionConfigurationPlatforms) = preSolution
		Debug|Any CPU = Debug|Any CPU
		Release|Any CPU = Release|Any CPU
	EndGlobalSection
	GlobalSection(ProjectConfigurationPlatforms) = postSolution
		{A3C25DEA-5364-4CB8-B1F3-E64AC4A2C639}.Debug|Any CPU.ActiveCfg = Debug|Any CPU
		{A3C25DEA-5364-4CB8-B1F3-E64AC4A2C639}.Debug|Any CPU.Build.0 = Debug|Any CPU
		{A3C25DEA-5364-4CB8-B1F3-E64AC4A2C639}.Release|Any CPU.ActiveCfg = Release|Any CPU
		{A3C25DEA-5364-4CB8-B1F3-E64AC4A2C639}.Release|Any CPU.Build.0 = Release|Any CPU
	EndGlobalSection
	GlobalSection(SolutionProperties) = preSolution
		HideSolutionNode = FALSE
	EndGlobalSection
	GlobalSection(ExtensibilityGlobals) = postSolution
		SolutionGuid = {D75099FB-8530-4426-B6E5-2F5680795A41}
	EndGlobalSection
EndGlobal
